// !$*UTF8*$!
{
	archiveVersion = 1;
	classes = {
	};
	objectVersion = 46;
	objects = {

/* Begin PBXBuildFile section */
		45205FF51B0B6BC80082C2DC /* main.m in Sources */ = {isa = PBXBuildFile; fileRef = 45205FF41B0B6BC80082C2DC /* main.m */; };
		45205FF81B0B6BC80082C2DC /* AppDelegate.m in Sources */ = {isa = PBXBuildFile; fileRef = 45205FF71B0B6BC80082C2DC /* AppDelegate.m */; };
		45205FFB1B0B6BC80082C2DC /* ViewController.m in Sources */ = {isa = PBXBuildFile; fileRef = 45205FFA1B0B6BC80082C2DC /* ViewController.m */; };
		45205FFE1B0B6BC80082C2DC /* Main.storyboard in Resources */ = {isa = PBXBuildFile; fileRef = 45205FFC1B0B6BC80082C2DC /* Main.storyboard */; };
		452060001B0B6BC80082C2DC /* Images.xcassets in Resources */ = {isa = PBXBuildFile; fileRef = 45205FFF1B0B6BC80082C2DC /* Images.xcassets */; };
		452060031B0B6BC80082C2DC /* LaunchScreen.xib in Resources */ = {isa = PBXBuildFile; fileRef = 452060011B0B6BC80082C2DC /* LaunchScreen.xib */; };
		4520600F1B0B6BC80082C2DC /* ModelTransStorageTests.m in Sources */ = {isa = PBXBuildFile; fileRef = 4520600E1B0B6BC80082C2DC /* ModelTransStorageTests.m */; };
		452060261B0B6CD60082C2DC /* NSObject+BlModelTransform.m in Sources */ = {isa = PBXBuildFile; fileRef = 4520601B1B0B6CD60082C2DC /* NSObject+BlModelTransform.m */; };
		452060271B0B6CD60082C2DC /* NSObject+BlPersistentStore.m in Sources */ = {isa = PBXBuildFile; fileRef = 4520601E1B0B6CD60082C2DC /* NSObject+BlPersistentStore.m */; };
		452060281B0B6CD60082C2DC /* BISqlitePersistentStore.m in Sources */ = {isa = PBXBuildFile; fileRef = 452060201B0B6CD60082C2DC /* BISqlitePersistentStore.m */; };
		452060291B0B6CD60082C2DC /* RuntimeProperty.m in Sources */ = {isa = PBXBuildFile; fileRef = 452060221B0B6CD60082C2DC /* RuntimeProperty.m */; };
		4520602A1B0B6CD60082C2DC /* NSArray+sqlite_store.m in Sources */ = {isa = PBXBuildFile; fileRef = 452060251B0B6CD60082C2DC /* NSArray+sqlite_store.m */; };
		4520602F1B0B6E4F0082C2DC /* Ads.m in Sources */ = {isa = PBXBuildFile; fileRef = 4520602C1B0B6E4F0082C2DC /* Ads.m */; };
		452060301B0B6E4F0082C2DC /* APPInfo.m in Sources */ = {isa = PBXBuildFile; fileRef = 4520602E1B0B6E4F0082C2DC /* APPInfo.m */; };
		452060331B0B6EAD0082C2DC /* libsqlite3.dylib in Frameworks */ = {isa = PBXBuildFile; fileRef = 452060321B0B6EAD0082C2DC /* libsqlite3.dylib */; };
		452060361B0B78C10082C2DC /* BISqlitePersistentModel.m in Sources */ = {isa = PBXBuildFile; fileRef = 452060351B0B78C10082C2DC /* BISqlitePersistentModel.m */; };
/* End PBXBuildFile section */

/* Begin PBXContainerItemProxy section */
		452060091B0B6BC80082C2DC /* PBXContainerItemProxy */ = {
			isa = PBXContainerItemProxy;
			containerPortal = 45205FE71B0B6BC80082C2DC /* Project object */;
			proxyType = 1;
			remoteGlobalIDString = 45205FEE1B0B6BC80082C2DC;
			remoteInfo = ModelTransStorage;
		};
/* End PBXContainerItemProxy section */

/* Begin PBXFileReference section */
		45205FEF1B0B6BC80082C2DC /* ModelTransStorage.app */ = {isa = PBXFileReference; explicitFileType = wrapper.application; includeInIndex = 0; path = ModelTransStorage.app; sourceTree = BUILT_PRODUCTS_DIR; };
		45205FF31B0B6BC80082C2DC /* Info.plist */ = {isa = PBXFileReference; lastKnownFileType = text.plist.xml; path = Info.plist; sourceTree = "<group>"; };
		45205FF41B0B6BC80082C2DC /* main.m */ = {isa = PBXFileReference; lastKnownFileType = sourcecode.c.objc; path = main.m; sourceTree = "<group>"; };
		45205FF61B0B6BC80082C2DC /* AppDelegate.h */ = {isa = PBXFileReference; lastKnownFileType = sourcecode.c.h; path = AppDelegate.h; sourceTree = "<group>"; };
		45205FF71B0B6BC80082C2DC /* AppDelegate.m */ = {isa = PBXFileReference; lastKnownFileType = sourcecode.c.objc; path = AppDelegate.m; sourceTree = "<group>"; };
		45205FF91B0B6BC80082C2DC /* ViewController.h */ = {isa = PBXFileReference; lastKnownFileType = sourcecode.c.h; path = ViewController.h; sourceTree = "<group>"; };
		45205FFA1B0B6BC80082C2DC /* ViewController.m */ = {isa = PBXFileReference; lastKnownFileType = sourcecode.c.objc; path = ViewController.m; sourceTree = "<group>"; };
		45205FFD1B0B6BC80082C2DC /* Base */ = {isa = PBXFileReference; lastKnownFileType = file.storyboard; name = Base; path = Base.lproj/Main.storyboard; sourceTree = "<group>"; };
		45205FFF1B0B6BC80082C2DC /* Images.xcassets */ = {isa = PBXFileReference; lastKnownFileType = folder.assetcatalog; path = Images.xcassets; sourceTree = "<group>"; };
		452060021B0B6BC80082C2DC /* Base */ = {isa = PBXFileReference; lastKnownFileType = file.xib; name = Base; path = Base.lproj/LaunchScreen.xib; sourceTree = "<group>"; };
		452060081B0B6BC80082C2DC /* ModelTransStorageTests.xctest */ = {isa = PBXFileReference; explicitFileType = wrapper.cfbundle; includeInIndex = 0; path = ModelTransStorageTests.xctest; sourceTree = BUILT_PRODUCTS_DIR; };
		4520600D1B0B6BC80082C2DC /* Info.plist */ = {isa = PBXFileReference; lastKnownFileType = text.plist.xml; path = Info.plist; sourceTree = "<group>"; };
		4520600E1B0B6BC80082C2DC /* ModelTransStorageTests.m */ = {isa = PBXFileReference; lastKnownFileType = sourcecode.c.objc; path = ModelTransStorageTests.m; sourceTree = "<group>"; };
		452060191B0B6CD60082C2DC /* macro.h */ = {isa = PBXFileReference; fileEncoding = 4; lastKnownFileType = sourcecode.c.h; path = macro.h; sourceTree = "<group>"; };
		4520601A1B0B6CD60082C2DC /* NSObject+BlModelTransform.h */ = {isa = PBXFileReference; fileEncoding = 4; lastKnownFileType = sourcecode.c.h; path = "NSObject+BlModelTransform.h"; sourceTree = "<group>"; };
		4520601B1B0B6CD60082C2DC /* NSObject+BlModelTransform.m */ = {isa = PBXFileReference; fileEncoding = 4; lastKnownFileType = sourcecode.c.objc; path = "NSObject+BlModelTransform.m"; sourceTree = "<group>"; };
		4520601D1B0B6CD60082C2DC /* NSObject+BlPersistentStore.h */ = {isa = PBXFileReference; fileEncoding = 4; lastKnownFileType = sourcecode.c.h; path = "NSObject+BlPersistentStore.h"; sourceTree = "<group>"; };
		4520601E1B0B6CD60082C2DC /* NSObject+BlPersistentStore.m */ = {isa = PBXFileReference; fileEncoding = 4; lastKnownFileType = sourcecode.c.objc; path = "NSObject+BlPersistentStore.m"; sourceTree = "<group>"; };
		4520601F1B0B6CD60082C2DC /* BISqlitePersistentStore.h */ = {isa = PBXFileReference; fileEncoding = 4; lastKnownFileType = sourcecode.c.h; path = BISqlitePersistentStore.h; sourceTree = "<group>"; };
		452060201B0B6CD60082C2DC /* BISqlitePersistentStore.m */ = {isa = PBXFileReference; fileEncoding = 4; lastKnownFileType = sourcecode.c.objc; path = BISqlitePersistentStore.m; sourceTree = "<group>"; };
		452060211B0B6CD60082C2DC /* RuntimeProperty.h */ = {isa = PBXFileReference; fileEncoding = 4; lastKnownFileType = sourcecode.c.h; path = RuntimeProperty.h; sourceTree = "<group>"; };
		452060221B0B6CD60082C2DC /* RuntimeProperty.m */ = {isa = PBXFileReference; fileEncoding = 4; lastKnownFileType = sourcecode.c.objc; path = RuntimeProperty.m; sourceTree = "<group>"; };
		452060231B0B6CD60082C2DC /* BIModelExtension.h */ = {isa = PBXFileReference; fileEncoding = 4; lastKnownFileType = sourcecode.c.h; path = BIModelExtension.h; sourceTree = "<group>"; };
		452060241B0B6CD60082C2DC /* NSArray+sqlite_store.h */ = {isa = PBXFileReference; fileEncoding = 4; lastKnownFileType = sourcecode.c.h; path = "NSArray+sqlite_store.h"; sourceTree = "<group>"; };
		452060251B0B6CD60082C2DC /* NSArray+sqlite_store.m */ = {isa = PBXFileReference; fileEncoding = 4; lastKnownFileType = sourcecode.c.objc; path = "NSArray+sqlite_store.m"; sourceTree = "<group>"; };
		4520602B1B0B6E4F0082C2DC /* Ads.h */ = {isa = PBXFileReference; fileEncoding = 4; lastKnownFileType = sourcecode.c.h; path = Ads.h; sourceTree = "<group>"; };
		4520602C1B0B6E4F0082C2DC /* Ads.m */ = {isa = PBXFileReference; fileEncoding = 4; lastKnownFileType = sourcecode.c.objc; path = Ads.m; sourceTree = "<group>"; };
		4520602D1B0B6E4F0082C2DC /* APPInfo.h */ = {isa = PBXFileReference; fileEncoding = 4; lastKnownFileType = sourcecode.c.h; path = APPInfo.h; sourceTree = "<group>"; };
		4520602E1B0B6E4F0082C2DC /* APPInfo.m */ = {isa = PBXFileReference; fileEncoding = 4; lastKnownFileType = sourcecode.c.objc; path = APPInfo.m; sourceTree = "<group>"; };
		452060321B0B6EAD0082C2DC /* libsqlite3.dylib */ = {isa = PBXFileReference; lastKnownFileType = "compiled.mach-o.dylib"; name = libsqlite3.dylib; path = usr/lib/libsqlite3.dylib; sourceTree = SDKROOT; };
		452060341B0B78C10082C2DC /* BISqlitePersistentModel.h */ = {isa = PBXFileReference; fileEncoding = 4; lastKnownFileType = sourcecode.c.h; path = BISqlitePersistentModel.h; sourceTree = "<group>"; };
		452060351B0B78C10082C2DC /* BISqlitePersistentModel.m */ = {isa = PBXFileReference; fileEncoding = 4; lastKnownFileType = sourcecode.c.objc; path = BISqlitePersistentModel.m; sourceTree = "<group>"; };
/* End PBXFileReference section */

/* Begin PBXFrameworksBuildPhase section */
		45205FEC1B0B6BC80082C2DC /* Frameworks */ = {
			isa = PBXFrameworksBuildPhase;
			buildActionMask = 2147483647;
			files = (
				452060331B0B6EAD0082C2DC /* libsqlite3.dylib in Frameworks */,
			);
			runOnlyForDeploymentPostprocessing = 0;
		};
		452060051B0B6BC80082C2DC /* Frameworks */ = {
			isa = PBXFrameworksBuildPhase;
			buildActionMask = 2147483647;
			files = (
			);
			runOnlyForDeploymentPostprocessing = 0;
		};
/* End PBXFrameworksBuildPhase section */

/* Begin PBXGroup section */
		45205FE61B0B6BC80082C2DC = {
			isa = PBXGroup;
			children = (
				452060321B0B6EAD0082C2DC /* libsqlite3.dylib */,
				45205FF11B0B6BC80082C2DC /* ModelTransStorage */,
				4520600B1B0B6BC80082C2DC /* ModelTransStorageTests */,
				45205FF01B0B6BC80082C2DC /* Products */,
			);
			sourceTree = "<group>";
		};
		45205FF01B0B6BC80082C2DC /* Products */ = {
			isa = PBXGroup;
			children = (
				45205FEF1B0B6BC80082C2DC /* ModelTransStorage.app */,
				452060081B0B6BC80082C2DC /* ModelTransStorageTests.xctest */,
			);
			name = Products;
			sourceTree = "<group>";
		};
		45205FF11B0B6BC80082C2DC /* ModelTransStorage */ = {
			isa = PBXGroup;
			children = (
				45205FF61B0B6BC80082C2DC /* AppDelegate.h */,
				45205FF71B0B6BC80082C2DC /* AppDelegate.m */,
				45205FF91B0B6BC80082C2DC /* ViewController.h */,
				45205FFA1B0B6BC80082C2DC /* ViewController.m */,
				452060311B0B6E530082C2DC /* Model */,
				452060181B0B6CAD0082C2DC /* ModelTransfrom */,
				45205FFC1B0B6BC80082C2DC /* Main.storyboard */,
				45205FFF1B0B6BC80082C2DC /* Images.xcassets */,
				452060011B0B6BC80082C2DC /* LaunchScreen.xib */,
				45205FF21B0B6BC80082C2DC /* Supporting Files */,
			);
			path = ModelTransStorage;
			sourceTree = "<group>";
		};
		45205FF21B0B6BC80082C2DC /* Supporting Files */ = {
			isa = PBXGroup;
			children = (
				45205FF31B0B6BC80082C2DC /* Info.plist */,
				45205FF41B0B6BC80082C2DC /* main.m */,
			);
			name = "Supporting Files";
			sourceTree = "<group>";
		};
		4520600B1B0B6BC80082C2DC /* ModelTransStorageTests */ = {
			isa = PBXGroup;
			children = (
				4520600E1B0B6BC80082C2DC /* ModelTransStorageTests.m */,
				4520600C1B0B6BC80082C2DC /* Supporting Files */,
			);
			path = ModelTransStorageTests;
			sourceTree = "<group>";
		};
		4520600C1B0B6BC80082C2DC /* Supporting Files */ = {
			isa = PBXGroup;
			children = (
				4520600D1B0B6BC80082C2DC /* Info.plist */,
			);
			name = "Supporting Files";
			sourceTree = "<group>";
		};
		452060181B0B6CAD0082C2DC /* ModelTransfrom */ = {
			isa = PBXGroup;
			children = (
				452060191B0B6CD60082C2DC /* macro.h */,
				452060341B0B78C10082C2DC /* BISqlitePersistentModel.h */,
				452060351B0B78C10082C2DC /* BISqlitePersistentModel.m */,
				4520601A1B0B6CD60082C2DC /* NSObject+BlModelTransform.h */,
				4520601B1B0B6CD60082C2DC /* NSObject+BlModelTransform.m */,
				4520601D1B0B6CD60082C2DC /* NSObject+BlPersistentStore.h */,
				4520601E1B0B6CD60082C2DC /* NSObject+BlPersistentStore.m */,
				4520601F1B0B6CD60082C2DC /* BISqlitePersistentStore.h */,
				452060201B0B6CD60082C2DC /* BISqlitePersistentStore.m */,
				452060211B0B6CD60082C2DC /* RuntimeProperty.h */,
				452060221B0B6CD60082C2DC /* RuntimeProperty.m */,
				452060231B0B6CD60082C2DC /* BIModelExtension.h */,
				452060241B0B6CD60082C2DC /* NSArray+sqlite_store.h */,
				452060251B0B6CD60082C2DC /* NSArray+sqlite_store.m */,
			);
			name = ModelTransfrom;
			sourceTree = "<group>";
		};
		452060311B0B6E530082C2DC /* Model */ = {
			isa = PBXGroup;
			children = (
				4520602B1B0B6E4F0082C2DC /* Ads.h */,
				4520602C1B0B6E4F0082C2DC /* Ads.m */,
				4520602D1B0B6E4F0082C2DC /* APPInfo.h */,
				4520602E1B0B6E4F0082C2DC /* APPInfo.m */,
			);
			name = Model;
			sourceTree = "<group>";
		};
/* End PBXGroup section */

/* Begin PBXNativeTarget section */
		45205FEE1B0B6BC80082C2DC /* ModelTransStorage */ = {
			isa = PBXNativeTarget;
			buildConfigurationList = 452060121B0B6BC80082C2DC /* Build configuration list for PBXNativeTarget "ModelTransStorage" */;
			buildPhases = (
				45205FEB1B0B6BC80082C2DC /* Sources */,
				45205FEC1B0B6BC80082C2DC /* Frameworks */,
				45205FED1B0B6BC80082C2DC /* Resources */,
			);
			buildRules = (
			);
			dependencies = (
			);
			name = ModelTransStorage;
			productName = ModelTransStorage;
			productReference = 45205FEF1B0B6BC80082C2DC /* ModelTransStorage.app */;
			productType = "com.apple.product-type.application";
		};
		452060071B0B6BC80082C2DC /* ModelTransStorageTests */ = {
			isa = PBXNativeTarget;
			buildConfigurationList = 452060151B0B6BC80082C2DC /* Build configuration list for PBXNativeTarget "ModelTransStorageTests" */;
			buildPhases = (
				452060041B0B6BC80082C2DC /* Sources */,
				452060051B0B6BC80082C2DC /* Frameworks */,
				452060061B0B6BC80082C2DC /* Resources */,
			);
			buildRules = (
			);
			dependencies = (
				4520600A1B0B6BC80082C2DC /* PBXTargetDependency */,
			);
			name = ModelTransStorageTests;
			productName = ModelTransStorageTests;
			productReference = 452060081B0B6BC80082C2DC /* ModelTransStorageTests.xctest */;
			productType = "com.apple.product-type.bundle.unit-test";
		};
/* End PBXNativeTarget section */

/* Begin PBXProject section */
		45205FE71B0B6BC80082C2DC /* Project object */ = {
			isa = PBXProject;
			attributes = {
				LastUpgradeCheck = 0630;
				ORGANIZATIONNAME = "郑林琴";
				TargetAttributes = {
					45205FEE1B0B6BC80082C2DC = {
						CreatedOnToolsVersion = 6.3.1;
					};
					452060071B0B6BC80082C2DC = {
						CreatedOnToolsVersion = 6.3.1;
						TestTargetID = 45205FEE1B0B6BC80082C2DC;
					};
				};
			};
			buildConfigurationList = 45205FEA1B0B6BC80082C2DC /* Build configuration list for PBXProject "ModelTransStorage" */;
			compatibilityVersion = "Xcode 3.2";
			developmentRegion = English;
			hasScannedForEncodings = 0;
			knownRegions = (
				en,
				Base,
			);
			mainGroup = 45205FE61B0B6BC80082C2DC;
			productRefGroup = 45205FF01B0B6BC80082C2DC /* Products */;
			projectDirPath = "";
			projectRoot = "";
			targets = (
				45205FEE1B0B6BC80082C2DC /* ModelTransStorage */,
				452060071B0B6BC80082C2DC /* ModelTransStorageTests */,
			);
		};
/* End PBXProject section */

/* Begin PBXResourcesBuildPhase section */
		45205FED1B0B6BC80082C2DC /* Resources */ = {
			isa = PBXResourcesBuildPhase;
			buildActionMask = 2147483647;
			files = (
				45205FFE1B0B6BC80082C2DC /* Main.storyboard in Resources */,
				452060031B0B6BC80082C2DC /* LaunchScreen.xib in Resources */,
				452060001B0B6BC80082C2DC /* Images.xcassets in Resources */,
			);
			runOnlyForDeploymentPostprocessing = 0;
		};
		452060061B0B6BC80082C2DC /* Resources */ = {
			isa = PBXResourcesBuildPhase;
			buildActionMask = 2147483647;
			files = (
			);
			runOnlyForDeploymentPostprocessing = 0;
		};
/* End PBXResourcesBuildPhase section */

/* Begin PBXSourcesBuildPhase section */
		45205FEB1B0B6BC80082C2DC /* Sources */ = {
			isa = PBXSourcesBuildPhase;
			buildActionMask = 2147483647;
			files = (
				452060261B0B6CD60082C2DC /* NSObject+BlModelTransform.m in Sources */,
				452060301B0B6E4F0082C2DC /* APPInfo.m in Sources */,
				452060281B0B6CD60082C2DC /* BISqlitePersistentStore.m in Sources */,
				4520602A1B0B6CD60082C2DC /* NSArray+sqlite_store.m in Sources */,
				4520602F1B0B6E4F0082C2DC /* Ads.m in Sources */,
				452060361B0B78C10082C2DC /* BISqlitePersistentModel.m in Sources */,
				45205FFB1B0B6BC80082C2DC /* ViewController.m in Sources */,
				452060271B0B6CD60082C2DC /* NSObject+BlPersistentStore.m in Sources */,
				452060291B0B6CD60082C2DC /* RuntimeProperty.m in Sources */,
				45205FF81B0B6BC80082C2DC /* AppDelegate.m in Sources */,
				45205FF51B0B6BC80082C2DC /* main.m in Sources */,
			);
			runOnlyForDeploymentPostprocessing = 0;
		};
		452060041B0B6BC80082C2DC /* Sources */ = {
			isa = PBXSourcesBuildPhase;
			buildActionMask = 2147483647;
			files = (
				4520600F1B0B6BC80082C2DC /* ModelTransStorageTests.m in Sources */,
			);
			runOnlyForDeploymentPostprocessing = 0;
		};
/* End PBXSourcesBuildPhase section */

/* Begin PBXTargetDependency section */
		4520600A1B0B6BC80082C2DC /* PBXTargetDependency */ = {
			isa = PBXTargetDependency;
			target = 45205FEE1B0B6BC80082C2DC /* ModelTransStorage */;
			targetProxy = 452060091B0B6BC80082C2DC /* PBXContainerItemProxy */;
		};
/* End PBXTargetDependency section */

/* Begin PBXVariantGroup section */
		45205FFC1B0B6BC80082C2DC /* Main.storyboard */ = {
			isa = PBXVariantGroup;
			children = (
				45205FFD1B0B6BC80082C2DC /* Base */,
			);
			name = Main.storyboard;
			sourceTree = "<group>";
		};
		452060011B0B6BC80082C2DC /* LaunchScreen.xib */ = {
			isa = PBXVariantGroup;
			children = (
				452060021B0B6BC80082C2DC /* Base */,
			);
			name = LaunchScreen.xib;
			sourceTree = "<group>";
		};
/* End PBXVariantGroup section */

/* Begin XCBuildConfiguration section */
		452060101B0B6BC80082C2DC /* Debug */ = {
			isa = XCBuildConfiguration;
			buildSettings = {
				ALWAYS_SEARCH_USER_PATHS = NO;
				CLANG_CXX_LANGUAGE_STANDARD = "gnu++0x";
				CLANG_CXX_LIBRARY = "libc++";
				CLANG_ENABLE_MODULES = YES;
				CLANG_ENABLE_OBJC_ARC = YES;
				CLANG_WARN_BOOL_CONVERSION = YES;
				CLANG_WARN_CONSTANT_CONVERSION = YES;
				CLANG_WARN_DIRECT_OBJC_ISA_USAGE = YES_ERROR;
				CLANG_WARN_EMPTY_BODY = YES;
				CLANG_WARN_ENUM_CONVERSION = YES;
				CLANG_WARN_INT_CONVERSION = YES;
				CLANG_WARN_OBJC_ROOT_CLASS = YES_ERROR;
				CLANG_WARN_UNREACHABLE_CODE = YES;
				CLANG_WARN__DUPLICATE_METHOD_MATCH = YES;
				"CODE_SIGN_IDENTITY[sdk=iphoneos*]" = "iPhone Developer";
				COPY_PHASE_STRIP = NO;
				DEBUG_INFORMATION_FORMAT = "dwarf-with-dsym";
				ENABLE_STRICT_OBJC_MSGSEND = YES;
				GCC_C_LANGUAGE_STANDARD = gnu99;
				GCC_DYNAMIC_NO_PIC = NO;
				GCC_NO_COMMON_BLOCKS = YES;
				GCC_OPTIMIZATION_LEVEL = 0;
				GCC_PREPROCESSOR_DEFINITIONS = (
					"DEBUG=1",
					"$(inherited)",
				);
				GCC_SYMBOLS_PRIVATE_EXTERN = NO;
				GCC_WARN_64_TO_32_BIT_CONVERSION = YES;
				GCC_WARN_ABOUT_RETURN_TYPE = YES_ERROR;
				GCC_WARN_UNDECLARED_SELECTOR = YES;
				GCC_WARN_UNINITIALIZED_AUTOS = YES_AGGRESSIVE;
				GCC_WARN_UNUSED_FUNCTION = YES;
				GCC_WARN_UNUSED_VARIABLE = YES;
				IPHONEOS_DEPLOYMENT_TARGET = 8.3;
				MTL_ENABLE_DEBUG_INFO = YES;
				ONLY_ACTIVE_ARCH = YES;
				SDKROOT = iphoneos;
				TARGETED_DEVICE_FAMILY = "1,2";
			};
			name = Debug;
		};
		452060111B0B6BC80082C2DC /* Release */ = {
			isa = XCBuildConfiguration;
			buildSettings = {
				ALWAYS_SEARCH_USER_PATHS = NO;
				CLANG_CXX_LANGUAGE_STANDARD = "gnu++0x";
				CLANG_CXX_LIBRARY = "libc++";
				CLANG_ENABLE_MODULES = YES;
				CLANG_ENABLE_OBJC_ARC = YES;
				CLANG_WARN_BOOL_CONVERSION = YES;
				CLANG_WARN_CONSTANT_CONVERSION = YES;
				CLANG_WARN_DIRECT_OBJC_ISA_USAGE = YES_ERROR;
				CLANG_WARN_EMPTY_BODY = YES;
				CLANG_WARN_ENUM_CONVERSION = YES;
				CLANG_WARN_INT_CONVERSION = YES;
				CLANG_WARN_OBJC_ROOT_CLASS = YES_ERROR;
				CLANG_WARN_UNREACHABLE_CODE = YES;
				CLANG_WARN__DUPLICATE_METHOD_MATCH = YES;
				"CODE_SIGN_IDENTITY[sdk=iphoneos*]" = "iPhone Developer";
				COPY_PHASE_STRIP = NO;
				DEBUG_INFORMATION_FORMAT = "dwarf-with-dsym";
				ENABLE_NS_ASSERTIONS = NO;
				ENABLE_STRICT_OBJC_MSGSEND = YES;
				GCC_C_LANGUAGE_STANDARD = gnu99;
				GCC_NO_COMMON_BLOCKS = YES;
				GCC_WARN_64_TO_32_BIT_CONVERSION = YES;
				GCC_WARN_ABOUT_RETURN_TYPE = YES_ERROR;
				GCC_WARN_UNDECLARED_SELECTOR = YES;
				GCC_WARN_UNINITIALIZED_AUTOS = YES_AGGRESSIVE;
				GCC_WARN_UNUSED_FUNCTION = YES;
				GCC_WARN_UNUSED_VARIABLE = YES;
				IPHONEOS_DEPLOYMENT_TARGET = 8.3;
				MTL_ENABLE_DEBUG_INFO = NO;
				SDKROOT = iphoneos;
				TARGETED_DEVICE_FAMILY = "1,2";
				VALIDATE_PRODUCT = YES;
			};
			name = Release;
		};
		452060131B0B6BC80082C2DC /* Debug */ = {
			isa = XCBuildConfiguration;
			buildSettings = {
				ASSETCATALOG_COMPILER_APPICON_NAME = AppIcon;
				INFOPLIST_FILE = ModelTransStorage/Info.plist;
				LD_RUNPATH_SEARCH_PATHS = "$(inherited) @executable_path/Frameworks";
				PRODUCT_NAME = "$(TARGET_NAME)";
			};
			name = Debug;
		};
		452060141B0B6BC80082C2DC /* Release */ = {
			isa = XCBuildConfiguration;
			buildSettings = {
				ASSETCATALOG_COMPILER_APPICON_NAME = AppIcon;
				INFOPLIST_FILE = ModelTransStorage/Info.plist;
				LD_RUNPATH_SEARCH_PATHS = "$(inherited) @executable_path/Frameworks";
				PRODUCT_NAME = "$(TARGET_NAME)";
			};
			name = Release;
		};
		452060161B0B6BC80082C2DC /* Debug */ = {
			isa = XCBuildConfiguration;
			buildSettings = {
				BUNDLE_LOADER = "$(TEST_HOST)";
				FRAMEWORK_SEARCH_PATHS = (
					"$(SDKROOT)/Developer/Library/Frameworks",
					"$(inherited)",
				);
				GCC_PREPROCESSOR_DEFINITIONS = (
					"DEBUG=1",
					"$(inherited)",
				);
				INFOPLIST_FILE = ModelTransStorageTests/Info.plist;
				LD_RUNPATH_SEARCH_PATHS = "$(inherited) @executable_path/Frameworks @loader_path/Frameworks";
				PRODUCT_NAME = "$(TARGET_NAME)";
				TEST_HOST = "$(BUILT_PRODUCTS_DIR)/ModelTransStorage.app/ModelTransStorage";
			};
			name = Debug;
		};
		452060171B0B6BC80082C2DC /* Release */ = {
			isa = XCBuildConfiguration;
			buildSettings = {
				BUNDLE_LOADER = "$(TEST_HOST)";
				FRAMEWORK_SEARCH_PATHS = (
					"$(SDKROOT)/Developer/Library/Frameworks",
					"$(inherited)",
				);
				INFOPLIST_FILE = ModelTransStorageTests/Info.plist;
				LD_RUNPATH_SEARCH_PATHS = "$(inherited) @executable_path/Frameworks @loader_path/Frameworks";
				PRODUCT_NAME = "$(TARGET_NAME)";
				TEST_HOST = "$(BUILT_PRODUCTS_DIR)/ModelTransStorage.app/ModelTransStorage";
			};
			name = Release;
		};
/* End XCBuildConfiguration section */

/* Begin XCConfigurationList section */
		45205FEA1B0B6BC80082C2DC /* Build configuration list for PBXProject "ModelTransStorage" */ = {
			isa = XCConfigurationList;
			buildConfigurations = (
				452060101B0B6BC80082C2DC /* Debug */,
				452060111B0B6BC80082C2DC /* Release */,
			);
			defaultConfigurationIsVisible = 0;
			defaultConfigurationName = Release;
		};
		452060121B0B6BC80082C2DC /* Build configuration list for PBXNativeTarget "ModelTransStorage" */ = {
			isa = XCConfigurationList;
			buildConfigurations = (
				452060131B0B6BC80082C2DC /* Debug */,
				452060141B0B6BC80082C2DC /* Release */,
			);
			defaultConfigurationIsVisible = 0;
		};
		452060151B0B6BC80082C2DC /* Build configuration list for PBXNativeTarget "ModelTransStorageTests" */ = {
			isa = XCConfigurationList;
			buildConfigurations = (
				452060161B0B6BC80082C2DC /* Debug */,
				452060171B0B6BC80082C2DC /* Release */,
			);
			defaultConfigurationIsVisible = 0;
		};
/* End XCConfigurationList section */
	};
	rootObject = 45205FE71B0B6BC80082C2DC /* Project object */;
}
